# THIS IS AN AUTOGENERATED FILE. DO NOT EDIT THIS FILE DIRECTLY.
# yarn lockfile v1


"@types/estree@*":
  version "0.0.51"
  resolved "https://kfront-dev-dev.devdolphin.com/ty-knpm/@types%2festree/-/estree-0.0.51.tgz#cfd70924a25a3fd32b218e5e420e6897e1ac4f40"
  integrity sha512-CuPgU6f3eT/XgKKPqKd/gLZV1Xmvf1a2R5POBOGQa6uv82xpls89HU5zKeVoyR8XzHd1RGNOlQlvUe3CFkjWNQ==

"@types/node@*":
  version "18.0.0"
  resolved "https://kfront-dev-dev.devdolphin.com/ty-knpm/@types%2fnode/-/node-18.0.0.tgz#67c7b724e1bcdd7a8821ce0d5ee184d3b4dd525a"
  integrity sha512-cHlGmko4gWLVI27cGJntjs/Sj8th9aYwplmZFwmmgYQQvL5NUsgVJG7OddLvNfLqYS31KFN0s3qlaD9qCaxACA==

"@types/resolve@0.0.8":
  version "0.0.8"
  resolved "https://kfront-dev-dev.devdolphin.com/ty-knpm/@types%2fresolve/-/resolve-0.0.8.tgz#f26074d238e02659e323ce1a13d041eee280e194"
  integrity sha1-8mB00jjgJlnjI84aE9BB7uKA4ZQ=
  dependencies:
    "@types/node" "*"

acorn@^7.1.0:
  version "7.4.1"
  resolved "https://kfront-dev-dev.devdolphin.com/ty-knpm/acorn/-/acorn-7.4.1.tgz#feaed255973d2e77555b83dbc08851a6c63520fa"
  integrity sha1-/q7SVZc9LndVW4PbwIhRpsY1IPo=

builtin-modules@^3.1.0:
  version "3.3.0"
  resolved "https://kfront-dev-dev.devdolphin.com/ty-knpm/builtin-modules/-/builtin-modules-3.3.0.tgz#cae62812b89801e9656336e46223e030386be7b6"
  integrity sha512-zhaCDicdLuWN5UbN5IMnFqNMhNfo919sH85y2/ea+5Yg9TsTkeZxpL+JLbp6cgYFS4sRLp3YV4S6yDuqVWHYOw==

esbuild-android-64@0.14.44:
  version "0.14.44"
  resolved "https://kfront-dev-dev.devdolphin.com/ty-knpm/esbuild-android-64/-/esbuild-android-64-0.14.44.tgz#62f5cb563d0ba318d898b6eb230c61ad3dc93619"
  integrity sha512-dFPHBXmx385zuJULAD/Cmq/LyPRXiAWbf9ylZtY0wJ8iVyWfKYaCYxeJx8OAZUuj46ZwNa7MzW2GBAQLOeiemg==

esbuild-android-arm64@0.14.44:
  version "0.14.44"
  resolved "https://kfront-dev-dev.devdolphin.com/ty-knpm/esbuild-android-arm64/-/esbuild-android-arm64-0.14.44.tgz#ee7fcc9f47855b3395dfd1abcc2c43d8c53e57db"
  integrity sha512-qqaqqyxHXjZ/0ddKU3I3Nb7lAvVM69ELMhb8+91FyomAUmQPlHtxe+TTiWxXGHE72XEzcgTEGq4VauqLNkN22g==

esbuild-darwin-64@0.14.44:
  version "0.14.44"
  resolved "https://kfront-dev-dev.devdolphin.com/ty-knpm/esbuild-darwin-64/-/esbuild-darwin-64-0.14.44.tgz#75ea7f594687a7189a8ba62070d42f13178e68d0"
  integrity sha512-RBmtGKGY06+AW6IOJ1LE/dEeF7HH34C1/Ces9FSitU4bIbIpL4KEuQpTFoxwb4ry5s2hyw7vbPhhtyOd18FH9g==

esbuild-darwin-arm64@0.14.44:
  version "0.14.44"
  resolved "https://kfront-dev-dev.devdolphin.com/ty-knpm/esbuild-darwin-arm64/-/esbuild-darwin-arm64-0.14.44.tgz#550631fd135688abda042f4039b962a27f3a5f78"
  integrity sha512-Bmhx5Cfo4Hdb7WyyyDupTB8HPmnFZ8baLfPlzLdYvF6OzsIbV+CY+m/AWf0OQvY40BlkzCLJ/7Lfwbb71Tngmg==

esbuild-freebsd-64@0.14.44:
  version "0.14.44"
  resolved "https://kfront-dev-dev.devdolphin.com/ty-knpm/esbuild-freebsd-64/-/esbuild-freebsd-64-0.14.44.tgz#f98069b964266ca79bb361cfb9d7454a05b7e8ca"
  integrity sha512-O4HpWa5ZgxbNPQTF7URicLzYa+TidGlmGT/RAC3GjbGEQQYkd0R1Slyh69Yrmb2qmcOcPAgWHbNo1UhK4WmZ4w==

esbuild-freebsd-arm64@0.14.44:
  version "0.14.44"
  resolved "https://kfront-dev-dev.devdolphin.com/ty-knpm/esbuild-freebsd-arm64/-/esbuild-freebsd-arm64-0.14.44.tgz#247a8553d6033a58b6c3ba4d539216300497d7f6"
  integrity sha512-f0/jkAKccnDY7mg1F9l/AMzEm+VXWXK6c3IrOEmd13jyKfpTZKTIlt+yI04THPDCDZTzXHTRUBLozqp+m8Mg5Q==

esbuild-linux-32@0.14.44:
  version "0.14.44"
  resolved "https://kfront-dev-dev.devdolphin.com/ty-knpm/esbuild-linux-32/-/esbuild-linux-32-0.14.44.tgz#4b72747f9f367d3ee3c1d80bf75c617e6b109821"
  integrity sha512-WSIhzLldMR7YUoEL7Ix319tC+NFmW9Pu7NgFWxUfOXeWsT0Wg484hm6bNgs7+oY2pGzg715y/Wrqi1uNOMmZJw==

esbuild-linux-64@0.14.44:
  version "0.14.44"
  resolved "https://kfront-dev-dev.devdolphin.com/ty-knpm/esbuild-linux-64/-/esbuild-linux-64-0.14.44.tgz#6cd158fdd11f8d037c45139ccddb4fa5966f7ab6"
  integrity sha512-zgscTrCMcRZRIsVugqBTP/B5lPLNchBlWjQ8sQq2Epnv+UDtYKgXEq1ctWAmibZNy2E9QRCItKMeIEqeTUT5kA==

esbuild-linux-arm64@0.14.44:
  version "0.14.44"
  resolved "https://kfront-dev-dev.devdolphin.com/ty-knpm/esbuild-linux-arm64/-/esbuild-linux-arm64-0.14.44.tgz#f14f3c8c3501067f5b2cef7a79c9a0058092cb22"
  integrity sha512-H0H/2/wgiScTwBve/JR8/o+Zhabx5KPk8T2mkYZFKQGl1hpUgC+AOmRyqy/Js3p66Wim4F4Akv3I3sJA1sKg0w==

esbuild-linux-arm@0.14.44:
  version "0.14.44"
  resolved "https://kfront-dev-dev.devdolphin.com/ty-knpm/esbuild-linux-arm/-/esbuild-linux-arm-0.14.44.tgz#625478cc6ea4f64f5335e7fb07f80d6f659aeb5c"
  integrity sha512-laPBPwGfsbBxGw6F6jnqic2CPXLyC1bPrmnSOeJ9oEnx1rcKkizd4HWCRUc0xv+l4z/USRfx/sEfYlWSLeqoJQ==

esbuild-linux-mips64le@0.14.44:
  version "0.14.44"
  resolved "https://kfront-dev-dev.devdolphin.com/ty-knpm/esbuild-linux-mips64le/-/esbuild-linux-mips64le-0.14.44.tgz#593c909bb612998300af7f7db2809a63a0d62eec"
  integrity sha512-ri3Okw0aleYy7o5n9zlIq+FCtq3tcMlctN6X1H1ucILjBJuH8pan2trJPKWeb8ppntFvE28I9eEXhwkWh6wYKg==

esbuild-linux-ppc64le@0.14.44:
  version "0.14.44"
  resolved "https://kfront-dev-dev.devdolphin.com/ty-knpm/esbuild-linux-ppc64le/-/esbuild-linux-ppc64le-0.14.44.tgz#8fc2fcee671e322a5d44fcf8da6889095a187df9"
  integrity sha512-96TqL/MvFRuIVXz+GtCIXzRQ43ZwEk4XTn0RWUNJduXXMDQ/V1iOV28U6x6Oe3NesK4xkoKSaK2+F3VHcU8ZrA==

esbuild-linux-riscv64@0.14.44:
  version "0.14.44"
  resolved "https://kfront-dev-dev.devdolphin.com/ty-knpm/esbuild-linux-riscv64/-/esbuild-linux-riscv64-0.14.44.tgz#cc2b7158c8345b67e74458a0ec020c80ca777046"
  integrity sha512-rrK9qEp2M8dhilsPn4T9gxUsAumkITc1kqYbpyNMr9EWo+J5ZBj04n3GYldULrcCw4ZCHAJ+qPjqr8b6kG2inA==

esbuild-linux-s390x@0.14.44:
  version "0.14.44"
  resolved "https://kfront-dev-dev.devdolphin.com/ty-knpm/esbuild-linux-s390x/-/esbuild-linux-s390x-0.14.44.tgz#5a1e87d5d6236a8791026820936478f3b9cf8e35"
  integrity sha512-2YmTm9BrW5aUwBSe8wIEARd9EcnOQmkHp4+IVaO09Ez/C5T866x+ABzhG0bwx0b+QRo9q97CRMaQx2Ngb6/hfw==

esbuild-netbsd-64@0.14.44:
  version "0.14.44"
  resolved "https://kfront-dev-dev.devdolphin.com/ty-knpm/esbuild-netbsd-64/-/esbuild-netbsd-64-0.14.44.tgz#8afb16880b530264ce2ed9fb3df26071eb841312"
  integrity sha512-zypdzPmZTCqYS30WHxbcvtC0E6e/ECvl4WueUdbdWhs2dfWJt5RtCBME664EpTznixR3lSN1MQ2NhwQF8MQryw==

esbuild-openbsd-64@0.14.44:
  version "0.14.44"
  resolved "https://kfront-dev-dev.devdolphin.com/ty-knpm/esbuild-openbsd-64/-/esbuild-openbsd-64-0.14.44.tgz#a87455be446d6f5b07a60f060e1eafad454c9d4b"
  integrity sha512-8J43ab9ByYl7KteC03HGQjr2HY1ge7sN04lFnwMFWYk2NCn8IuaeeThvLeNjzOYhyT3I6K8puJP0uVXUu+D1xw==

esbuild-sunos-64@0.14.44:
  version "0.14.44"
  resolved "https://kfront-dev-dev.devdolphin.com/ty-knpm/esbuild-sunos-64/-/esbuild-sunos-64-0.14.44.tgz#74ce7d5fd815fa60fe0a85b9db7549b1dcb32804"
  integrity sha512-OH1/09CGUJwffA+HNM6mqPkSIyHVC3ZnURU/4CCIx7IqWUBn1Sh1HRLQC8/TWNgcs0/1u7ygnc2pgf/AHZJ/Ow==

esbuild-windows-32@0.14.44:
  version "0.14.44"
  resolved "https://kfront-dev-dev.devdolphin.com/ty-knpm/esbuild-windows-32/-/esbuild-windows-32-0.14.44.tgz#499e1c6cb46c216bdcb62f5b006fec3999bb06a7"
  integrity sha512-mCAOL9/rRqwfOfxTu2sjq/eAIs7eAXGiU6sPBnowggI7QS953Iq6o3/uDu010LwfN7zr18c/lEj6/PTwwTB3AA==

esbuild-windows-64@0.14.44:
  version "0.14.44"
  resolved "https://kfront-dev-dev.devdolphin.com/ty-knpm/esbuild-windows-64/-/esbuild-windows-64-0.14.44.tgz#a8dae69a4615b17f62375859ce9536dd96940a06"
  integrity sha512-AG6BH3+YG0s2Q/IfB1cm68FdyFnoE1P+GFbmgFO3tA4UIP8+BKsmKGGZ5I3+ZjcnzOwvT74bQRVrfnQow2KO5Q==

esbuild-windows-arm64@0.14.44:
  version "0.14.44"
  resolved "https://kfront-dev-dev.devdolphin.com/ty-knpm/esbuild-windows-arm64/-/esbuild-windows-arm64-0.14.44.tgz#db73bb68aa75a880bdaa938ccacc0f17e7a4bfea"
  integrity sha512-ygYPfYE5By4Sd6szsNr10B0RtWVNOSGmZABSaj4YQBLqh9b9i45VAjVWa8tyIy+UAbKF7WGwybi2wTbSVliO8A==

esbuild@^0.14.27:
  version "0.14.44"
  resolved "https://kfront-dev-dev.devdolphin.com/ty-knpm/esbuild/-/esbuild-0.14.44.tgz#27fa3cd4f55d36780650c7f32cab581abc7a4473"
  integrity sha512-Rn+lRRfj60r/3svI6NgAVnetzp3vMOj17BThuhshSj/gS1LR03xrjkDYyfPmrYG/0c3D68rC6FNYMQ3yRbiXeQ==
  optionalDependencies:
    esbuild-android-64 "0.14.44"
    esbuild-android-arm64 "0.14.44"
    esbuild-darwin-64 "0.14.44"
    esbuild-darwin-arm64 "0.14.44"
    esbuild-freebsd-64 "0.14.44"
    esbuild-freebsd-arm64 "0.14.44"
    esbuild-linux-32 "0.14.44"
    esbuild-linux-64 "0.14.44"
    esbuild-linux-arm "0.14.44"
    esbuild-linux-arm64 "0.14.44"
    esbuild-linux-mips64le "0.14.44"
    esbuild-linux-ppc64le "0.14.44"
    esbuild-linux-riscv64 "0.14.44"
    esbuild-linux-s390x "0.14.44"
    esbuild-netbsd-64 "0.14.44"
    esbuild-openbsd-64 "0.14.44"
    esbuild-sunos-64 "0.14.44"
    esbuild-windows-32 "0.14.44"
    esbuild-windows-64 "0.14.44"
    esbuild-windows-arm64 "0.14.44"

estree-walker@^0.6.1:
  version "0.6.1"
  resolved "https://kfront-dev-dev.devdolphin.com/ty-knpm/estree-walker/-/estree-walker-0.6.1.tgz#53049143f40c6eb918b23671d1fe3219f3a1b362"
  integrity sha1-UwSRQ/QMbrkYsjZx0f4yGfOhs2I=

fs-extra@8.1.0:
  version "8.1.0"
  resolved "https://kfront-dev-dev.devdolphin.com/ty-knpm/fs-extra/-/fs-extra-8.1.0.tgz#49d43c45a88cd9677668cb7be1b46efdb8d2e1c0"
  integrity sha1-SdQ8RaiM2Wd2aMt74bRu/bjS4cA=
  dependencies:
    graceful-fs "^4.2.0"
    jsonfile "^4.0.0"
    universalify "^0.1.0"

fsevents@~2.3.2:
  version "2.3.2"
  resolved "https://kfront-dev-dev.devdolphin.com/ty-knpm/fsevents/-/fsevents-2.3.2.tgz#8a526f78b8fdf4623b709e0b975c52c24c02fd1a"
  integrity sha1-ilJveLj99GI7cJ4Ll1xSwkwC/Ro=

function-bind@^1.1.1:
  version "1.1.1"
  resolved "https://kfront-dev-dev.devdolphin.com/ty-knpm/function-bind/-/function-bind-1.1.1.tgz#a56899d3ea3c9bab874bb9773b7c5ede92f4895d"
  integrity sha1-pWiZ0+o8m6uHS7l3O3xe3pL0iV0=

graceful-fs@^4.1.6, graceful-fs@^4.2.0:
  version "4.2.10"
  resolved "https://kfront-dev-dev.devdolphin.com/ty-knpm/graceful-fs/-/graceful-fs-4.2.10.tgz#147d3a006da4ca3ce14728c7aefc287c367d7a6c"
  integrity sha512-9ByhssR2fPVsNZj478qUUbKfmL0+t5BDVyjShtyZZLiK7ZDAArFFfopyOTj0M05wE2tJPisA4iTnnXl2YoPvOA==

has@^1.0.3:
  version "1.0.3"
  resolved "https://kfront-dev-dev.devdolphin.com/ty-knpm/has/-/has-1.0.3.tgz#722d7cbfc1f6aa8241f16dd814e011e1f41e8796"
  integrity sha1-ci18v8H2qoJB8W3YFOAR4fQeh5Y=
  dependencies:
    function-bind "^1.1.1"

is-core-module@^2.8.1:
  version "2.9.0"
  resolved "https://kfront-dev-dev.devdolphin.com/ty-knpm/is-core-module/-/is-core-module-2.9.0.tgz#e1c34429cd51c6dd9e09e0799e396e27b19a9c69"
  integrity sha512-+5FPy5PnwmO3lvfMb0AsoPaBG+5KHUI0wYFXOtYPnVVVspTFUuMZNfNaNVRt3FZadstu2c8x23vykRW/NBoU6A==
  dependencies:
    has "^1.0.3"

is-module@^1.0.0:
  version "1.0.0"
  resolved "https://kfront-dev-dev.devdolphin.com/ty-knpm/is-module/-/is-module-1.0.0.tgz#3258fb69f78c14d5b815d664336b4cffb6441591"
  integrity sha1-Mlj7afeMFNW4FdZkM2tM/7ZEFZE=

jsonfile@^4.0.0:
  version "4.0.0"
  resolved "https://kfront-dev-dev.devdolphin.com/ty-knpm/jsonfile/-/jsonfile-4.0.0.tgz#8771aae0799b64076b76640fca058f9c10e33ecb"
  integrity sha1-h3Gq4HmbZAdrdmQPygWPnBDjPss=
  optionalDependencies:
    graceful-fs "^4.1.6"

nanoid@^3.3.4:
  version "3.3.4"
  resolved "https://kfront-dev-dev.devdolphin.com/ty-knpm/nanoid/-/nanoid-3.3.4.tgz#730b67e3cd09e2deacf03c027c81c9d9dbc5e8ab"
  integrity sha512-MqBkQh/OHTS2egovRtLk45wEyNXwF+cokD+1YPf9u5VfJiRdAiRwB2froX5Co9Rh20xs4siNPm8naNotSD6RBw==

path-parse@^1.0.6, path-parse@^1.0.7:
  version "1.0.7"
  resolved "https://kfront-dev-dev.devdolphin.com/ty-knpm/path-parse/-/path-parse-1.0.7.tgz#fbc114b60ca42b30d9daf5858e4bd68bbedb6735"
  integrity sha1-+8EUtgykKzDZ2vWFjkvWi77bZzU=

picocolors@^1.0.0:
  version "1.0.0"
  resolved "https://kfront-dev-dev.devdolphin.com/ty-knpm/picocolors/-/picocolors-1.0.0.tgz#cb5bdc74ff3f51892236eaf79d68bc44564ab81c"
  integrity sha1-y1vcdP8/UYkiNur3nWi8RFZKuBw=

postcss@^8.4.12:
  version "8.4.14"
  resolved "https://kfront-dev-dev.devdolphin.com/ty-knpm/postcss/-/postcss-8.4.14.tgz#ee9274d5622b4858c1007a74d76e42e56fd21caf"
  integrity sha512-E398TUmfAYFPBSdzgeieK2Y1+1cpdxJx8yXbK/m57nRhKSmk1GB2tO4lbLBtlkfPQTDKfe4Xqv1ASWPpayPEig==
  dependencies:
    nanoid "^3.3.4"
    picocolors "^1.0.0"
    source-map-js "^1.0.2"

resolve@1.11.1:
  version "1.11.1"
  resolved "https://kfront-dev-dev.devdolphin.com/ty-knpm/resolve/-/resolve-1.11.1.tgz#ea10d8110376982fef578df8fc30b9ac30a07a3e"
  integrity sha1-6hDYEQN2mC/vV434/DC5rDCgej4=
  dependencies:
    path-parse "^1.0.6"

resolve@^1.11.1, resolve@^1.22.0:
  version "1.22.0"
  resolved "https://kfront-dev-dev.devdolphin.com/ty-knpm/resolve/-/resolve-1.22.0.tgz#5e0b8c67c15df57a89bdbabe603a002f21731198"
  integrity sha512-Hhtrw0nLeSrFQ7phPp4OOcVjLPIeMnRlr5mcnVuMe7M/7eBn98A3hmFRLoFo3DLZkivSYwhRUJTyPyWAk56WLw==
  dependencies:
    is-core-module "^2.8.1"
    path-parse "^1.0.7"
    supports-preserve-symlinks-flag "^1.0.0"

rollup-plugin-node-resolve@^5.2.0:
  version "5.2.0"
  resolved "https://kfront-dev-dev.devdolphin.com/ty-knpm/rollup-plugin-node-resolve/-/rollup-plugin-node-resolve-5.2.0.tgz#730f93d10ed202473b1fb54a5997a7db8c6d8523"
  integrity sha1-cw+T0Q7SAkc7H7VKWZen24xthSM=
  dependencies:
    "@types/resolve" "0.0.8"
    builtin-modules "^3.1.0"
    is-module "^1.0.0"
    resolve "^1.11.1"
    rollup-pluginutils "^2.8.1"

rollup-plugin-typescript2@^0.22.1:
  version "0.22.1"
  resolved "https://kfront-dev-dev.devdolphin.com/ty-knpm/rollup-plugin-typescript2/-/rollup-plugin-typescript2-0.22.1.tgz#7678b7decc6808e600ff36c32febd31081b55405"
  integrity sha1-dni33sxoCOYA/zbDL+vTEIG1VAU=
  dependencies:
    fs-extra "8.1.0"
    resolve "1.11.1"
    rollup-pluginutils "2.8.1"
    tslib "1.10.0"

rollup-pluginutils@2.8.1:
  version "2.8.1"
  resolved "https://kfront-dev-dev.devdolphin.com/ty-knpm/rollup-pluginutils/-/rollup-pluginutils-2.8.1.tgz#8fa6dd0697344938ef26c2c09d2488ce9e33ce97"
  integrity sha1-j6bdBpc0STjvJsLAnSSIzp4zzpc=
  dependencies:
    estree-walker "^0.6.1"

rollup-pluginutils@^2.8.1:
  version "2.8.2"
  resolved "https://kfront-dev-dev.devdolphin.com/ty-knpm/rollup-pluginutils/-/rollup-pluginutils-2.8.2.tgz#72f2af0748b592364dbd3389e600e5a9444a351e"
  integrity sha1-cvKvB0i1kjZNvTOJ5gDlqURKNR4=
  dependencies:
    estree-walker "^0.6.1"

rollup@^1.19.4:
  version "1.32.1"
  resolved "https://kfront-dev-dev.devdolphin.com/ty-knpm/rollup/-/rollup-1.32.1.tgz#4480e52d9d9e2ae4b46ba0d9ddeaf3163940f9c4"
  integrity sha1-RIDlLZ2eKuS0a6DZ3erzFjlA+cQ=
  dependencies:
    "@types/estree" "*"
    "@types/node" "*"
    acorn "^7.1.0"

rollup@^2.59.0:
  version "2.75.6"
  resolved "https://kfront-dev-dev.devdolphin.com/ty-knpm/rollup/-/rollup-2.75.6.tgz#ac4dc8600f95942a0180f61c7c9d6200e374b439"
  integrity sha512-OEf0TgpC9vU6WGROJIk1JA3LR5vk/yvqlzxqdrE2CzzXnqKXNzbAwlWUXis8RS3ZPe7LAq+YUxsRa0l3r27MLA==
  optionalDependencies:
    fsevents "~2.3.2"

source-map-js@^1.0.2:
  version "1.0.2"
  resolved "https://kfront-dev-dev.devdolphin.com/ty-knpm/source-map-js/-/source-map-js-1.0.2.tgz#adbc361d9c62df380125e7f161f71c826f1e490c"
  integrity sha512-R0XvVJ9WusLiqTCEiGCmICCMplcCkIwwR11mOSD9CR5u+IXYdiseeEuXCVAjS54zqwkLcPNnmU4OeJ6tUrWhDw==

supports-preserve-symlinks-flag@^1.0.0:
  version "1.0.0"
  resolved "https://kfront-dev-dev.devdolphin.com/ty-knpm/supports-preserve-symlinks-flag/-/supports-preserve-symlinks-flag-1.0.0.tgz#6eda4bd344a3c94aea376d4cc31bc77311039e09"
  integrity sha512-ot0WnXS9fgdkgIcePe6RHNk1WA8+muPa6cSjeR3V8K27q9BB1rTE3R1p7Hv0z1ZyAc8s6Vvv8DIyWf681MAt0w==

ts-transformer-keys@^0.4.1:
  version "0.4.3"
  resolved "https://kfront-dev-dev.devdolphin.com/ty-knpm/ts-transformer-keys/-/ts-transformer-keys-0.4.3.tgz#d62389a40f430c00ef98fb9575fb6778a196e3ed"
  integrity sha1-1iOJpA9DDADvmPuVdftneKGW4+0=

tslib@1.10.0:
  version "1.10.0"
  resolved "https://kfront-dev-dev.devdolphin.com/ty-knpm/tslib/-/tslib-1.10.0.tgz#c3c19f95973fb0a62973fb09d90d961ee43e5c8a"
  integrity sha1-w8GflZc/sKYpc/sJ2Q2WHuQ+XIo=

typescript@^4.5.4:
  version "4.7.3"
  resolved "https://kfront-dev-dev.devdolphin.com/ty-knpm/typescript/-/typescript-4.7.3.tgz#8364b502d5257b540f9de4c40be84c98e23a129d"
  integrity sha512-WOkT3XYvrpXx4vMMqlD+8R8R37fZkjyLGlxavMc4iB8lrl8L0DeTcHbYgw/v0N/z9wAFsgBhcsF0ruoySS22mA==

universalify@^0.1.0:
  version "0.1.2"
  resolved "https://kfront-dev-dev.devdolphin.com/ty-knpm/universalify/-/universalify-0.1.2.tgz#b646f69be3942dabcecc9d6639c80dc105efaa66"
  integrity sha1-tkb2m+OULavOzJ1mOcgNwQXvqmY=

vite@2.9.1:
  version "2.9.1"
  resolved "https://kfront-dev-dev.devdolphin.com/ty-knpm/vite/-/vite-2.9.1.tgz#84bce95fae210a7beb566a0af06246748066b48f"
  integrity sha512-vSlsSdOYGcYEJfkQ/NeLXgnRv5zZfpAsdztkIrs7AZHV8RCMZQkwjo4DS5BnrYTqoWqLoUe1Cah4aVO4oNNqCQ==
  dependencies:
    esbuild "^0.14.27"
    postcss "^8.4.12"
    resolve "^1.22.0"
    rollup "^2.59.0"
  optionalDependencies:
    fsevents "~2.3.2"
